
Microsoft Visual Studio Solution File, Format Version 12.00
# Visual Studio Version 17
VisualStudioVersion = 17.5.33424.131
MinimumVisualStudioVersion = 10.0.40219.1
Project("{FAE04EC0-301F-11D3-BF4B-00C04F79EFBC}") = "deha_exam_quanlykhoahoc", "deha_exam_quanlykhoahoc.csproj", "{ED9A3295-11B2-494B-ACBB-C70343A36495}"
EndProject
Global
	GlobalSection(SolutionConfigurationPlatforms) = preSolution
		Debug|Any CPU = Debug|Any CPU
		Release|Any CPU = Release|Any CPU
	EndGlobalSection
	GlobalSection(ProjectConfigurationPlatforms) = postSolution
		{ED9A3295-11B2-494B-ACBB-C70343A36495}.Debug|Any CPU.ActiveCfg = Debug|Any CPU
		{ED9A3295-11B2-494B-ACBB-C70343A36495}.Debug|Any CPU.Build.0 = Debug|Any CPU
		{ED9A3295-11B2-494B-ACBB-C70343A36495}.Release|Any CPU.ActiveCfg = Release|Any CPU
		{ED9A3295-11B2-494B-ACBB-C70343A36495}.Release|Any CPU.Build.0 = Release|Any CPU
	EndGlobalSection
	GlobalSection(SolutionProperties) = preSolution
		HideSolutionNode = FALSE
	EndGlobalSection
	GlobalSection(ExtensibilityGlobals) = postSolution
		SolutionGuid = {01480104-9E6D-4B9A-B693-B8A29C12B199}
	EndGlobalSection
EndGlobal
